
Microsoft Visual Studio Solution File, Format Version 12.00
# Visual Studio Version 16
VisualStudioVersion = 16.0.28917.181
MinimumVisualStudioVersion = 10.0.40219.1
Project("{9A19103F-16F7-4668-BE54-9A1E7A4F7556}") = "MediaServer", "MediaServer\MediaServer.csproj", "{4D63CB50-17EE-402D-86C6-0754671F9062}"
EndProject
Project("{9A19103F-16F7-4668-BE54-9A1E7A4F7556}") = "MediaServer.WebRtc.Managed", "MediaServer.WebRtc.Managed\MediaServer.WebRtc.Managed.csproj", "{0B700A98-7F4E-4364-A0C1-39ED5A6D3A7D}"
EndProject
Project("{8BC9CEB8-8B4A-11D0-8D11-00A0C91BC942}") = "MediaServer.WebRtc.Native", "MediaServer.WebRtc.Native\MediaServer.WebRtc.Native.vcxproj", "{928899BC-F131-4343-A1AB-72F3A5787E41}"
EndProject
Project("{FAE04EC0-301F-11D3-BF4B-00C04F79EFBC}") = "MediaServer.Common", "MediaServer.Common\MediaServer.Common.csproj", "{C2C9C0DA-FE41-4904-BA1E-D9B7C4D561AD}"
EndProject
Global
	GlobalSection(SolutionConfigurationPlatforms) = preSolution
		Debug|Any CPU = Debug|Any CPU
		Debug|ARM = Debug|ARM
		Debug|x64 = Debug|x64
		Debug|x86 = Debug|x86
		Release|Any CPU = Release|Any CPU
		Release|ARM = Release|ARM
		Release|x64 = Release|x64
		Release|x86 = Release|x86
	EndGlobalSection
	GlobalSection(ProjectConfigurationPlatforms) = postSolution
		{4D63CB50-17EE-402D-86C6-0754671F9062}.Debug|Any CPU.ActiveCfg = Debug|Any CPU
		{4D63CB50-17EE-402D-86C6-0754671F9062}.Debug|Any CPU.Build.0 = Debug|Any CPU
		{4D63CB50-17EE-402D-86C6-0754671F9062}.Debug|ARM.ActiveCfg = Debug|Any CPU
		{4D63CB50-17EE-402D-86C6-0754671F9062}.Debug|ARM.Build.0 = Debug|Any CPU
		{4D63CB50-17EE-402D-86C6-0754671F9062}.Debug|x64.ActiveCfg = Debug|Any CPU
		{4D63CB50-17EE-402D-86C6-0754671F9062}.Debug|x64.Build.0 = Debug|Any CPU
		{4D63CB50-17EE-402D-86C6-0754671F9062}.Debug|x86.ActiveCfg = Debug|Any CPU
		{4D63CB50-17EE-402D-86C6-0754671F9062}.Debug|x86.Build.0 = Debug|Any CPU
		{4D63CB50-17EE-402D-86C6-0754671F9062}.Release|Any CPU.ActiveCfg = Release|Any CPU
		{4D63CB50-17EE-402D-86C6-0754671F9062}.Release|Any CPU.Build.0 = Release|Any CPU
		{4D63CB50-17EE-402D-86C6-0754671F9062}.Release|ARM.ActiveCfg = Release|Any CPU
		{4D63CB50-17EE-402D-86C6-0754671F9062}.Release|ARM.Build.0 = Release|Any CPU
		{4D63CB50-17EE-402D-86C6-0754671F9062}.Release|x64.ActiveCfg = Release|Any CPU
		{4D63CB50-17EE-402D-86C6-0754671F9062}.Release|x64.Build.0 = Release|Any CPU
		{4D63CB50-17EE-402D-86C6-0754671F9062}.Release|x86.ActiveCfg = Release|Any CPU
		{4D63CB50-17EE-402D-86C6-0754671F9062}.Release|x86.Build.0 = Release|Any CPU
		{0B700A98-7F4E-4364-A0C1-39ED5A6D3A7D}.Debug|Any CPU.ActiveCfg = Debug|Any CPU
		{0B700A98-7F4E-4364-A0C1-39ED5A6D3A7D}.Debug|Any CPU.Build.0 = Debug|Any CPU
		{0B700A98-7F4E-4364-A0C1-39ED5A6D3A7D}.Debug|ARM.ActiveCfg = Debug|Any CPU
		{0B700A98-7F4E-4364-A0C1-39ED5A6D3A7D}.Debug|ARM.Build.0 = Debug|Any CPU
		{0B700A98-7F4E-4364-A0C1-39ED5A6D3A7D}.Debug|x64.ActiveCfg = Debug|Any CPU
		{0B700A98-7F4E-4364-A0C1-39ED5A6D3A7D}.Debug|x64.Build.0 = Debug|Any CPU
		{0B700A98-7F4E-4364-A0C1-39ED5A6D3A7D}.Debug|x86.ActiveCfg = Debug|Any CPU
		{0B700A98-7F4E-4364-A0C1-39ED5A6D3A7D}.Debug|x86.Build.0 = Debug|Any CPU
		{0B700A98-7F4E-4364-A0C1-39ED5A6D3A7D}.Release|Any CPU.ActiveCfg = Release|Any CPU
		{0B700A98-7F4E-4364-A0C1-39ED5A6D3A7D}.Release|Any CPU.Build.0 = Release|Any CPU
		{0B700A98-7F4E-4364-A0C1-39ED5A6D3A7D}.Release|ARM.ActiveCfg = Release|Any CPU
		{0B700A98-7F4E-4364-A0C1-39ED5A6D3A7D}.Release|ARM.Build.0 = Release|Any CPU
		{0B700A98-7F4E-4364-A0C1-39ED5A6D3A7D}.Release|x64.ActiveCfg = Release|Any CPU
		{0B700A98-7F4E-4364-A0C1-39ED5A6D3A7D}.Release|x64.Build.0 = Release|Any CPU
		{0B700A98-7F4E-4364-A0C1-39ED5A6D3A7D}.Release|x86.ActiveCfg = Release|Any CPU
		{0B700A98-7F4E-4364-A0C1-39ED5A6D3A7D}.Release|x86.Build.0 = Release|Any CPU
		{928899BC-F131-4343-A1AB-72F3A5787E41}.Debug|Any CPU.ActiveCfg = Debug|Win32
		{928899BC-F131-4343-A1AB-72F3A5787E41}.Debug|ARM.ActiveCfg = Debug|ARM
		{928899BC-F131-4343-A1AB-72F3A5787E41}.Debug|ARM.Build.0 = Debug|ARM
		{928899BC-F131-4343-A1AB-72F3A5787E41}.Debug|x64.ActiveCfg = Debug|x64
		{928899BC-F131-4343-A1AB-72F3A5787E41}.Debug|x64.Build.0 = Debug|x64
		{928899BC-F131-4343-A1AB-72F3A5787E41}.Debug|x86.ActiveCfg = Debug|Win32
		{928899BC-F131-4343-A1AB-72F3A5787E41}.Debug|x86.Build.0 = Debug|Win32
		{928899BC-F131-4343-A1AB-72F3A5787E41}.Release|Any CPU.ActiveCfg = Release|Win32
		{928899BC-F131-4343-A1AB-72F3A5787E41}.Release|ARM.ActiveCfg = Release|ARM
		{928899BC-F131-4343-A1AB-72F3A5787E41}.Release|ARM.Build.0 = Release|ARM
		{928899BC-F131-4343-A1AB-72F3A5787E41}.Release|x64.ActiveCfg = Release|x64
		{928899BC-F131-4343-A1AB-72F3A5787E41}.Release|x64.Build.0 = Release|x64
		{928899BC-F131-4343-A1AB-72F3A5787E41}.Release|x86.ActiveCfg = Release|Win32
		{928899BC-F131-4343-A1AB-72F3A5787E41}.Release|x86.Build.0 = Release|Win32
		{C2C9C0DA-FE41-4904-BA1E-D9B7C4D561AD}.Debug|Any CPU.ActiveCfg = Debug|Any CPU
		{C2C9C0DA-FE41-4904-BA1E-D9B7C4D561AD}.Debug|Any CPU.Build.0 = Debug|Any CPU
		{C2C9C0DA-FE41-4904-BA1E-D9B7C4D561AD}.Debug|ARM.ActiveCfg = Debug|Any CPU
		{C2C9C0DA-FE41-4904-BA1E-D9B7C4D561AD}.Debug|ARM.Build.0 = Debug|Any CPU
		{C2C9C0DA-FE41-4904-BA1E-D9B7C4D561AD}.Debug|x64.ActiveCfg = Debug|Any CPU
		{C2C9C0DA-FE41-4904-BA1E-D9B7C4D561AD}.Debug|x64.Build.0 = Debug|Any CPU
		{C2C9C0DA-FE41-4904-BA1E-D9B7C4D561AD}.Debug|x86.ActiveCfg = Debug|Any CPU
		{C2C9C0DA-FE41-4904-BA1E-D9B7C4D561AD}.Debug|x86.Build.0 = Debug|Any CPU
		{C2C9C0DA-FE41-4904-BA1E-D9B7C4D561AD}.Release|Any CPU.ActiveCfg = Release|Any CPU
		{C2C9C0DA-FE41-4904-BA1E-D9B7C4D561AD}.Release|Any CPU.Build.0 = Release|Any CPU
		{C2C9C0DA-FE41-4904-BA1E-D9B7C4D561AD}.Release|ARM.ActiveCfg = Release|Any CPU
		{C2C9C0DA-FE41-4904-BA1E-D9B7C4D561AD}.Release|ARM.Build.0 = Release|Any CPU
		{C2C9C0DA-FE41-4904-BA1E-D9B7C4D561AD}.Release|x64.ActiveCfg = Release|Any CPU
		{C2C9C0DA-FE41-4904-BA1E-D9B7C4D561AD}.Release|x64.Build.0 = Release|Any CPU
		{C2C9C0DA-FE41-4904-BA1E-D9B7C4D561AD}.Release|x86.ActiveCfg = Release|Any CPU
		{C2C9C0DA-FE41-4904-BA1E-D9B7C4D561AD}.Release|x86.Build.0 = Release|Any CPU
	EndGlobalSection
	GlobalSection(SolutionProperties) = preSolution
		HideSolutionNode = FALSE
	EndGlobalSection
	GlobalSection(ExtensibilityGlobals) = postSolution
		SolutionGuid = {FDDDC335-362A-4F14-815D-5D40C75CCE88}
	EndGlobalSection
EndGlobal
