<?xml version="1.0" encoding="utf-8"?>
<Project ToolsVersion="4.0" xmlns="http://schemas.microsoft.com/developer/msbuild/2003">
  <ItemGroup>
    <ClCompile Include="noop_video\noop_video_frame_buffer.cpp">
      <Filter>custom</Filter>
    </ClCompile>
    <ClCompile Include="noop_video\noop_video_helper.cpp" />
    <ClCompile Include="passive_video\passive_video_track.cpp" />
    <ClCompile Include="passive_video\passive_video_track_interop.cpp" />
    <ClCompile Include="passive_video\passive_video_track_source.cpp" />
    <ClCompile Include="noop_video\decoder\noop_video_decoder.cpp">
      <Filter>custom\decoder</Filter>
    </ClCompile>
    <ClCompile Include="noop_video\decoder\noop_video_decoder_factory.cpp">
      <Filter>custom\decoder</Filter>
    </ClCompile>
    <ClCompile Include="noop_video\encoder\noop_video_encoder.cpp">
      <Filter>custom\encoder</Filter>
    </ClCompile>
    <ClCompile Include="noop_video\encoder\noop_video_encoder_factory.cpp">
      <Filter>custom\encoder</Filter>
    </ClCompile>
    <ClCompile Include="passive_video\passive_video_track_source_interop.cpp" />
    <ClCompile Include="microsoft\audio_frame_observer.cpp" />
    <ClCompile Include="microsoft\data_channel.cpp" />
    <ClCompile Include="microsoft\interop\external_video_track_source_interop.cpp" />
    <ClCompile Include="microsoft\interop\global_factory.cpp" />
    <ClCompile Include="microsoft\interop\interop_api.cpp" />
    <ClCompile Include="microsoft\interop\local_video_track_interop.cpp" />
    <ClCompile Include="microsoft\interop\peer_connection_interop.cpp" />
    <ClCompile Include="microsoft\media\external_video_track_source.cpp" />
    <ClCompile Include="microsoft\media\local_video_track.cpp" />
    <ClCompile Include="microsoft\mrs_errors.cpp" />
    <ClCompile Include="microsoft\peer_connection.cpp" />
    <ClCompile Include="microsoft\sdp_utils.cpp" />
    <ClCompile Include="microsoft\str.cpp" />
    <ClCompile Include="microsoft\tracked_object.cpp" />
    <ClCompile Include="microsoft\video_frame_observer.cpp" />
    <ClCompile Include="pch.cpp" />
  </ItemGroup>
  <ItemGroup>
    <ClInclude Include="not_supported_exception.h">
      <Filter>custom</Filter>
    </ClInclude>
    <ClInclude Include="noop_video\noop_video_frame_buffer.h">
      <Filter>custom</Filter>
    </ClInclude>
    <ClInclude Include="noop_video\noop_video_helper.h" />
    <ClInclude Include="passive_video\passive_video_track_source.h" />
    <ClInclude Include="passive_video\passive_video_track.h" />
    <ClInclude Include="passive_video\passive_video_track_interop.h" />
    <ClInclude Include="noop_video\decoder\noop_video_decoder.h">
      <Filter>custom\decoder</Filter>
    </ClInclude>
    <ClInclude Include="noop_video\decoder\noop_video_decoder_factory.h">
      <Filter>custom\decoder</Filter>
    </ClInclude>
    <ClInclude Include="noop_video\encoder\noop_video_encoder.h">
      <Filter>custom\encoder</Filter>
    </ClInclude>
    <ClInclude Include="noop_video\encoder\noop_video_encoder_factory.h">
      <Filter>custom\encoder</Filter>
    </ClInclude>
    <ClInclude Include="passive_video\passive_video_track_source_interop.h" />
    <ClInclude Include="microsoft\include\export.h" />
    <ClInclude Include="microsoft\include\external_video_track_source_interop.h" />
    <ClInclude Include="microsoft\include\interop_api.h" />
    <ClInclude Include="microsoft\include\local_video_track_interop.h" />
    <ClInclude Include="microsoft\include\peer_connection_interop.h" />
    <ClInclude Include="microsoft\include\result.h" />
    <ClInclude Include="microsoft\audio_frame_observer.h" />
    <ClInclude Include="microsoft\callback.h" />
    <ClInclude Include="microsoft\data_channel.h" />
    <ClInclude Include="microsoft\interop\global_factory.h" />
    <ClInclude Include="microsoft\media\external_video_track_source.h" />
    <ClInclude Include="microsoft\media\external_video_track_source_impl.h" />
    <ClInclude Include="microsoft\media\local_video_track.h" />
    <ClInclude Include="microsoft\mrs_errors.h" />
    <ClInclude Include="microsoft\peer_connection.h" />
    <ClInclude Include="microsoft\refptr.h" />
    <ClInclude Include="microsoft\ref_counted_base.h" />
    <ClInclude Include="microsoft\sdp_utils.h" />
    <ClInclude Include="microsoft\str.h" />
    <ClInclude Include="microsoft\targetver.h" />
    <ClInclude Include="microsoft\tracked_object.h" />
    <ClInclude Include="microsoft\utils.h" />
    <ClInclude Include="microsoft\video_frame_observer.h" />
    <ClInclude Include="pch.h" />
    <ClInclude Include="microsoft\include\audio_frame.h" />
    <ClInclude Include="microsoft\include\video_frame.h" />
  </ItemGroup>
  <ItemGroup>
    <None Include="packages.config" />
  </ItemGroup>
  <ItemGroup>
    <Filter Include="interop">
      <UniqueIdentifier>{2eda4eaf-b512-47aa-b587-45de3b17ef8e}</UniqueIdentifier>
    </Filter>
    <Filter Include="media">
      <UniqueIdentifier>{5683d251-f1a9-4d36-89cb-881b2fd36b65}</UniqueIdentifier>
    </Filter>
    <Filter Include="custom">
      <UniqueIdentifier>{2e84ba59-47e4-4fbf-ba79-b726096b98c6}</UniqueIdentifier>
    </Filter>
    <Filter Include="custom\decoder">
      <UniqueIdentifier>{91cd3323-bade-488d-b563-6f018fe6261d}</UniqueIdentifier>
    </Filter>
    <Filter Include="custom\encoder">
      <UniqueIdentifier>{6532f0a2-bcc8-49cd-98cc-2362900cc39e}</UniqueIdentifier>
    </Filter>
  </ItemGroup>
</Project>